
Microsoft Visual Studio Solution File, Format Version 12.00
# Visual Studio 15
VisualStudioVersion = 15.0.28307.902
MinimumVisualStudioVersion = 10.0.40219.1
Project("{FAE04EC0-301F-11D3-BF4B-00C04F79EFBC}") = "SplitCsvFile", "SplitCsvFile\SplitCsvFile.csproj", "{42514C2E-519E-4D59-BFA3-8404B1127A9D}"
EndProject
Global
	GlobalSection(SolutionConfigurationPlatforms) = preSolution
		Debug|Any CPU = Debug|Any CPU
		Release|Any CPU = Release|Any CPU
	EndGlobalSection
	GlobalSection(ProjectConfigurationPlatforms) = postSolution
		{42514C2E-519E-4D59-BFA3-8404B1127A9D}.Debug|Any CPU.ActiveCfg = Debug|Any CPU
		{42514C2E-519E-4D59-BFA3-8404B1127A9D}.Debug|Any CPU.Build.0 = Debug|Any CPU
		{42514C2E-519E-4D59-BFA3-8404B1127A9D}.Release|Any CPU.ActiveCfg = Release|Any CPU
		{42514C2E-519E-4D59-BFA3-8404B1127A9D}.Release|Any CPU.Build.0 = Release|Any CPU
	EndGlobalSection
	GlobalSection(SolutionProperties) = preSolution
		HideSolutionNode = FALSE
	EndGlobalSection
	GlobalSection(ExtensibilityGlobals) = postSolution
		SolutionGuid = {B9D2A081-BA9B-42CF-84CC-D6FD6D188E3D}
	EndGlobalSection
EndGlobal
